<Solution>
  <Project Path="Abstracao/Abstracao.csproj" Id="3981222c-0dd9-443f-a90b-9f0cf962eb4c" />
  <Project Path="Classes&amp;Objetos/Classes&amp;Objetos.csproj" />
  <Project Path="Encapsulamento/Encapsulamento.csproj" Id="7fcef690-4843-4e62-8789-0ce7133c8dcb" />
  <Project Path="Heranca/Heranca.csproj" Id="c0a94e21-f3fd-4953-8e3a-c2d809bf7336" />
</Solution>
